// !$*UTF8*$!
{
	archiveVersion = 1;
	classes = {
	};
	objectVersion = 53;
	objects = {

/* Begin PBXBuildFile section */
		23F82687F87BA8A787952051 /* Pods_Starter_StarterUITests.framework in Frameworks */ = {isa = PBXBuildFile; fileRef = 5F929A624CD7B470C26F01C0 /* Pods_Starter_StarterUITests.framework */; };
		4D679AE7F62956CE56F146DF /* Pods_StarterTests.framework in Frameworks */ = {isa = PBXBuildFile; fileRef = B79C89E4DD3F14A70AAE50D1 /* Pods_StarterTests.framework */; };
		624D1BF4EDF882AAA045134F /* Pods_Starter.framework in Frameworks */ = {isa = PBXBuildFile; fileRef = CD06D82893A664127AB4C347 /* Pods_Starter.framework */; };
		CF0B9D0827139CDF0067D825 /* CreateProfileViewController.swift in Sources */ = {isa = PBXBuildFile; fileRef = CF0B9D0727139CDF0067D825 /* CreateProfileViewController.swift */; };
		F12A99D927135223004DE2F8 /* AppDelegate.swift in Sources */ = {isa = PBXBuildFile; fileRef = F12A99D827135223004DE2F8 /* AppDelegate.swift */; };
		F12A99DB27135223004DE2F8 /* SceneDelegate.swift in Sources */ = {isa = PBXBuildFile; fileRef = F12A99DA27135223004DE2F8 /* SceneDelegate.swift */; };
		F12A99DD27135223004DE2F8 /* ViewController.swift in Sources */ = {isa = PBXBuildFile; fileRef = F12A99DC27135223004DE2F8 /* ViewController.swift */; };
		F12A99E027135223004DE2F8 /* Main.storyboard in Resources */ = {isa = PBXBuildFile; fileRef = F12A99DE27135223004DE2F8 /* Main.storyboard */; };
		F12A99E227135225004DE2F8 /* Assets.xcassets in Resources */ = {isa = PBXBuildFile; fileRef = F12A99E127135225004DE2F8 /* Assets.xcassets */; };
		F12A99E527135225004DE2F8 /* LaunchScreen.storyboard in Resources */ = {isa = PBXBuildFile; fileRef = F12A99E327135225004DE2F8 /* LaunchScreen.storyboard */; };
		F12A99F027135225004DE2F8 /* StarterTests.swift in Sources */ = {isa = PBXBuildFile; fileRef = F12A99EF27135225004DE2F8 /* StarterTests.swift */; };
		F12A99FA27135225004DE2F8 /* StarterUITests.swift in Sources */ = {isa = PBXBuildFile; fileRef = F12A99F927135225004DE2F8 /* StarterUITests.swift */; };
		F12A99FC27135225004DE2F8 /* StarterUITestsLaunchTests.swift in Sources */ = {isa = PBXBuildFile; fileRef = F12A99FB27135225004DE2F8 /* StarterUITestsLaunchTests.swift */; };
/* End PBXBuildFile section */

/* Begin PBXContainerItemProxy section */
		F12A99EC27135225004DE2F8 /* PBXContainerItemProxy */ = {
			isa = PBXContainerItemProxy;
			containerPortal = F12A99CD27135223004DE2F8 /* Project object */;
			proxyType = 1;
			remoteGlobalIDString = F12A99D427135223004DE2F8;
			remoteInfo = Starter;
		};
		F12A99F627135225004DE2F8 /* PBXContainerItemProxy */ = {
			isa = PBXContainerItemProxy;
			containerPortal = F12A99CD27135223004DE2F8 /* Project object */;
			proxyType = 1;
			remoteGlobalIDString = F12A99D427135223004DE2F8;
			remoteInfo = Starter;
		};
/* End PBXContainerItemProxy section */

/* Begin PBXFileReference section */
		11C1E07C613806AE43B9550C /* Pods-Starter-StarterUITests.release.xcconfig */ = {isa = PBXFileReference; includeInIndex = 1; lastKnownFileType = text.xcconfig; name = "Pods-Starter-StarterUITests.release.xcconfig"; path = "Target Support Files/Pods-Starter-StarterUITests/Pods-Starter-StarterUITests.release.xcconfig"; sourceTree = "<group>"; };
		538B03727C8FBF3EE76EB09D /* Pods-StarterTests.debug.xcconfig */ = {isa = PBXFileReference; includeInIndex = 1; lastKnownFileType = text.xcconfig; name = "Pods-StarterTests.debug.xcconfig"; path = "Target Support Files/Pods-StarterTests/Pods-StarterTests.debug.xcconfig"; sourceTree = "<group>"; };
		5F929A624CD7B470C26F01C0 /* Pods_Starter_StarterUITests.framework */ = {isa = PBXFileReference; explicitFileType = wrapper.framework; includeInIndex = 0; path = Pods_Starter_StarterUITests.framework; sourceTree = BUILT_PRODUCTS_DIR; };
		6631D193F7AABBFEBC45E1B1 /* Pods-Starter-StarterUITests.debug.xcconfig */ = {isa = PBXFileReference; includeInIndex = 1; lastKnownFileType = text.xcconfig; name = "Pods-Starter-StarterUITests.debug.xcconfig"; path = "Target Support Files/Pods-Starter-StarterUITests/Pods-Starter-StarterUITests.debug.xcconfig"; sourceTree = "<group>"; };
		66EE5B69D65C84F98C8256D8 /* Pods-Starter.release.xcconfig */ = {isa = PBXFileReference; includeInIndex = 1; lastKnownFileType = text.xcconfig; name = "Pods-Starter.release.xcconfig"; path = "Target Support Files/Pods-Starter/Pods-Starter.release.xcconfig"; sourceTree = "<group>"; };
		9C6C47E99C0427AF802A6297 /* Pods-Starter.debug.xcconfig */ = {isa = PBXFileReference; includeInIndex = 1; lastKnownFileType = text.xcconfig; name = "Pods-Starter.debug.xcconfig"; path = "Target Support Files/Pods-Starter/Pods-Starter.debug.xcconfig"; sourceTree = "<group>"; };
		B79C89E4DD3F14A70AAE50D1 /* Pods_StarterTests.framework */ = {isa = PBXFileReference; explicitFileType = wrapper.framework; includeInIndex = 0; path = Pods_StarterTests.framework; sourceTree = BUILT_PRODUCTS_DIR; };
		B958E199CBBA5A4B7962C56F /* Pods-StarterTests.release.xcconfig */ = {isa = PBXFileReference; includeInIndex = 1; lastKnownFileType = text.xcconfig; name = "Pods-StarterTests.release.xcconfig"; path = "Target Support Files/Pods-StarterTests/Pods-StarterTests.release.xcconfig"; sourceTree = "<group>"; };
		CD06D82893A664127AB4C347 /* Pods_Starter.framework */ = {isa = PBXFileReference; explicitFileType = wrapper.framework; includeInIndex = 0; path = Pods_Starter.framework; sourceTree = BUILT_PRODUCTS_DIR; };
		CF0B9D0727139CDF0067D825 /* CreateProfileViewController.swift */ = {isa = PBXFileReference; lastKnownFileType = sourcecode.swift; path = CreateProfileViewController.swift; sourceTree = "<group>"; };
		F12A99D527135223004DE2F8 /* Starter.app */ = {isa = PBXFileReference; explicitFileType = wrapper.application; includeInIndex = 0; path = Starter.app; sourceTree = BUILT_PRODUCTS_DIR; };
		F12A99D827135223004DE2F8 /* AppDelegate.swift */ = {isa = PBXFileReference; lastKnownFileType = sourcecode.swift; path = AppDelegate.swift; sourceTree = "<group>"; };
		F12A99DA27135223004DE2F8 /* SceneDelegate.swift */ = {isa = PBXFileReference; lastKnownFileType = sourcecode.swift; path = SceneDelegate.swift; sourceTree = "<group>"; };
		F12A99DC27135223004DE2F8 /* ViewController.swift */ = {isa = PBXFileReference; lastKnownFileType = sourcecode.swift; path = ViewController.swift; sourceTree = "<group>"; };
		F12A99DF27135223004DE2F8 /* Base */ = {isa = PBXFileReference; lastKnownFileType = file.storyboard; name = Base; path = Base.lproj/Main.storyboard; sourceTree = "<group>"; };
		F12A99E127135225004DE2F8 /* Assets.xcassets */ = {isa = PBXFileReference; lastKnownFileType = folder.assetcatalog; path = Assets.xcassets; sourceTree = "<group>"; };
		F12A99E427135225004DE2F8 /* Base */ = {isa = PBXFileReference; lastKnownFileType = file.storyboard; name = Base; path = Base.lproj/LaunchScreen.storyboard; sourceTree = "<group>"; };
		F12A99E627135225004DE2F8 /* Info.plist */ = {isa = PBXFileReference; lastKnownFileType = text.plist.xml; path = Info.plist; sourceTree = "<group>"; };
		F12A99EB27135225004DE2F8 /* StarterTests.xctest */ = {isa = PBXFileReference; explicitFileType = wrapper.cfbundle; includeInIndex = 0; path = StarterTests.xctest; sourceTree = BUILT_PRODUCTS_DIR; };
		F12A99EF27135225004DE2F8 /* StarterTests.swift */ = {isa = PBXFileReference; lastKnownFileType = sourcecode.swift; path = StarterTests.swift; sourceTree = "<group>"; };
		F12A99F527135225004DE2F8 /* StarterUITests.xctest */ = {isa = PBXFileReference; explicitFileType = wrapper.cfbundle; includeInIndex = 0; path = StarterUITests.xctest; sourceTree = BUILT_PRODUCTS_DIR; };
		F12A99F927135225004DE2F8 /* StarterUITests.swift */ = {isa = PBXFileReference; lastKnownFileType = sourcecode.swift; path = StarterUITests.swift; sourceTree = "<group>"; };
		F12A99FB27135225004DE2F8 /* StarterUITestsLaunchTests.swift */ = {isa = PBXFileReference; lastKnownFileType = sourcecode.swift; path = StarterUITestsLaunchTests.swift; sourceTree = "<group>"; };
/* End PBXFileReference section */

/* Begin PBXFrameworksBuildPhase section */
		F12A99D227135223004DE2F8 /* Frameworks */ = {
			isa = PBXFrameworksBuildPhase;
			buildActionMask = 2147483647;
			files = (
				624D1BF4EDF882AAA045134F /* Pods_Starter.framework in Frameworks */,
			);
			runOnlyForDeploymentPostprocessing = 0;
		};
		F12A99E827135225004DE2F8 /* Frameworks */ = {
			isa = PBXFrameworksBuildPhase;
			buildActionMask = 2147483647;
			files = (
				4D679AE7F62956CE56F146DF /* Pods_StarterTests.framework in Frameworks */,
			);
			runOnlyForDeploymentPostprocessing = 0;
		};
		F12A99F227135225004DE2F8 /* Frameworks */ = {
			isa = PBXFrameworksBuildPhase;
			buildActionMask = 2147483647;
			files = (
				23F82687F87BA8A787952051 /* Pods_Starter_StarterUITests.framework in Frameworks */,
			);
			runOnlyForDeploymentPostprocessing = 0;
		};
/* End PBXFrameworksBuildPhase section */

/* Begin PBXGroup section */
		2389A7CF0836181992E12E97 /* Frameworks */ = {
			isa = PBXGroup;
			children = (
				CD06D82893A664127AB4C347 /* Pods_Starter.framework */,
				5F929A624CD7B470C26F01C0 /* Pods_Starter_StarterUITests.framework */,
				B79C89E4DD3F14A70AAE50D1 /* Pods_StarterTests.framework */,
			);
			name = Frameworks;
			sourceTree = "<group>";
		};
		54DB65EF994CCEE39EF4775D /* Pods */ = {
			isa = PBXGroup;
			children = (
				9C6C47E99C0427AF802A6297 /* Pods-Starter.debug.xcconfig */,
				66EE5B69D65C84F98C8256D8 /* Pods-Starter.release.xcconfig */,
				6631D193F7AABBFEBC45E1B1 /* Pods-Starter-StarterUITests.debug.xcconfig */,
				11C1E07C613806AE43B9550C /* Pods-Starter-StarterUITests.release.xcconfig */,
				538B03727C8FBF3EE76EB09D /* Pods-StarterTests.debug.xcconfig */,
				B958E199CBBA5A4B7962C56F /* Pods-StarterTests.release.xcconfig */,
			);
			path = Pods;
			sourceTree = "<group>";
		};
		F12A99CC27135223004DE2F8 = {
			isa = PBXGroup;
			children = (
				F12A99D727135223004DE2F8 /* Starter */,
				F12A99EE27135225004DE2F8 /* StarterTests */,
				F12A99F827135225004DE2F8 /* StarterUITests */,
				F12A99D627135223004DE2F8 /* Products */,
				54DB65EF994CCEE39EF4775D /* Pods */,
				2389A7CF0836181992E12E97 /* Frameworks */,
			);
			sourceTree = "<group>";
		};
		F12A99D627135223004DE2F8 /* Products */ = {
			isa = PBXGroup;
			children = (
				F12A99D527135223004DE2F8 /* Starter.app */,
				F12A99EB27135225004DE2F8 /* StarterTests.xctest */,
				F12A99F527135225004DE2F8 /* StarterUITests.xctest */,
			);
			name = Products;
			sourceTree = "<group>";
		};
		F12A99D727135223004DE2F8 /* Starter */ = {
			isa = PBXGroup;
			children = (
				F12A9A0D271353F6004DE2F8 /* Extension */,
				F12A9A0C271353F1004DE2F8 /* Constant */,
				F12A9A08271353BB004DE2F8 /* Model */,
				F12A9A09271353C1004DE2F8 /* View */,
				F12A9A0A271353C7004DE2F8 /* Controller */,
				F12A99D827135223004DE2F8 /* AppDelegate.swift */,
				F12A99DA27135223004DE2F8 /* SceneDelegate.swift */,
				F12A99E127135225004DE2F8 /* Assets.xcassets */,
				F12A99E627135225004DE2F8 /* Info.plist */,
			);
			path = Starter;
			sourceTree = "<group>";
		};
		F12A99EE27135225004DE2F8 /* StarterTests */ = {
			isa = PBXGroup;
			children = (
				F12A99EF27135225004DE2F8 /* StarterTests.swift */,
			);
			path = StarterTests;
			sourceTree = "<group>";
		};
		F12A99F827135225004DE2F8 /* StarterUITests */ = {
			isa = PBXGroup;
			children = (
				F12A99F927135225004DE2F8 /* StarterUITests.swift */,
				F12A99FB27135225004DE2F8 /* StarterUITestsLaunchTests.swift */,
			);
			path = StarterUITests;
			sourceTree = "<group>";
		};
		F12A9A08271353BB004DE2F8 /* Model */ = {
			isa = PBXGroup;
			children = (
			);
			path = Model;
			sourceTree = "<group>";
		};
		F12A9A09271353C1004DE2F8 /* View */ = {
			isa = PBXGroup;
			children = (
				F12A9A0B271353DA004DE2F8 /* StoryBoard */,
			);
			path = View;
			sourceTree = "<group>";
		};
		F12A9A0A271353C7004DE2F8 /* Controller */ = {
			isa = PBXGroup;
			children = (
				F12A99E327135225004DE2F8 /* LaunchScreen.storyboard */,
				F12A99DC27135223004DE2F8 /* ViewController.swift */,
				CF0B9D0727139CDF0067D825 /* CreateProfileViewController.swift */,
			);
			path = Controller;
			sourceTree = "<group>";
		};
		F12A9A0B271353DA004DE2F8 /* StoryBoard */ = {
			isa = PBXGroup;
			children = (
				F12A99DE27135223004DE2F8 /* Main.storyboard */,
			);
			path = StoryBoard;
			sourceTree = "<group>";
		};
		F12A9A0C271353F1004DE2F8 /* Constant */ = {
			isa = PBXGroup;
			children = (
			);
			path = Constant;
			sourceTree = "<group>";
		};
		F12A9A0D271353F6004DE2F8 /* Extension */ = {
			isa = PBXGroup;
			children = (
			);
			path = Extension;
			sourceTree = "<group>";
		};
/* End PBXGroup section */

/* Begin PBXNativeTarget section */
		F12A99D427135223004DE2F8 /* Starter */ = {
			isa = PBXNativeTarget;
			buildConfigurationList = F12A99FF27135225004DE2F8 /* Build configuration list for PBXNativeTarget "Starter" */;
			buildPhases = (
				1A50F8F7DD1FC9C14FA571D0 /* [CP] Check Pods Manifest.lock */,
				F12A99D127135223004DE2F8 /* Sources */,
				F12A99D227135223004DE2F8 /* Frameworks */,
				F12A99D327135223004DE2F8 /* Resources */,
				FF10CD29347753FC9508F861 /* [CP] Embed Pods Frameworks */,
			);
			buildRules = (
			);
			dependencies = (
			);
			name = Starter;
			productName = Starter;
			productReference = F12A99D527135223004DE2F8 /* Starter.app */;
			productType = "com.apple.product-type.application";
		};
		F12A99EA27135225004DE2F8 /* StarterTests */ = {
			isa = PBXNativeTarget;
			buildConfigurationList = F12A9A0227135225004DE2F8 /* Build configuration list for PBXNativeTarget "StarterTests" */;
			buildPhases = (
				D37CEF643A38FC67535C370C /* [CP] Check Pods Manifest.lock */,
				F12A99E727135225004DE2F8 /* Sources */,
				F12A99E827135225004DE2F8 /* Frameworks */,
				F12A99E927135225004DE2F8 /* Resources */,
			);
			buildRules = (
			);
			dependencies = (
				F12A99ED27135225004DE2F8 /* PBXTargetDependency */,
			);
			name = StarterTests;
			productName = StarterTests;
			productReference = F12A99EB27135225004DE2F8 /* StarterTests.xctest */;
			productType = "com.apple.product-type.bundle.unit-test";
		};
		F12A99F427135225004DE2F8 /* StarterUITests */ = {
			isa = PBXNativeTarget;
			buildConfigurationList = F12A9A0527135225004DE2F8 /* Build configuration list for PBXNativeTarget "StarterUITests" */;
			buildPhases = (
				4035586FDEC558B11A8069F6 /* [CP] Check Pods Manifest.lock */,
				F12A99F127135225004DE2F8 /* Sources */,
				F12A99F227135225004DE2F8 /* Frameworks */,
				F12A99F327135225004DE2F8 /* Resources */,
				F774B6F332E7F5C79C6C07A1 /* [CP] Embed Pods Frameworks */,
			);
			buildRules = (
			);
			dependencies = (
				F12A99F727135225004DE2F8 /* PBXTargetDependency */,
			);
			name = StarterUITests;
			productName = StarterUITests;
			productReference = F12A99F527135225004DE2F8 /* StarterUITests.xctest */;
			productType = "com.apple.product-type.bundle.ui-testing";
		};
/* End PBXNativeTarget section */

/* Begin PBXProject section */
		F12A99CD27135223004DE2F8 /* Project object */ = {
			isa = PBXProject;
			attributes = {
				BuildIndependentTargetsInParallel = 1;
				LastSwiftUpdateCheck = 1300;
				LastUpgradeCheck = 1300;
				TargetAttributes = {
					F12A99D427135223004DE2F8 = {
						CreatedOnToolsVersion = 13.0;
					};
					F12A99EA27135225004DE2F8 = {
						CreatedOnToolsVersion = 13.0;
						TestTargetID = F12A99D427135223004DE2F8;
					};
					F12A99F427135225004DE2F8 = {
						CreatedOnToolsVersion = 13.0;
						TestTargetID = F12A99D427135223004DE2F8;
					};
				};
			};
			buildConfigurationList = F12A99D027135223004DE2F8 /* Build configuration list for PBXProject "Starter" */;
			compatibilityVersion = "Xcode 12.5.1";
			developmentRegion = en;
			hasScannedForEncodings = 0;
			knownRegions = (
				en,
				Base,
			);
			mainGroup = F12A99CC27135223004DE2F8;
			productRefGroup = F12A99D627135223004DE2F8 /* Products */;
			projectDirPath = "";
			projectRoot = "";
			targets = (
				F12A99D427135223004DE2F8 /* Starter */,
				F12A99EA27135225004DE2F8 /* StarterTests */,
				F12A99F427135225004DE2F8 /* StarterUITests */,
			);
		};
/* End PBXProject section */

/* Begin PBXResourcesBuildPhase section */
		F12A99D327135223004DE2F8 /* Resources */ = {
			isa = PBXResourcesBuildPhase;
			buildActionMask = 2147483647;
			files = (
				F12A99E527135225004DE2F8 /* LaunchScreen.storyboard in Resources */,
				F12A99E227135225004DE2F8 /* Assets.xcassets in Resources */,
				F12A99E027135223004DE2F8 /* Main.storyboard in Resources */,
			);
			runOnlyForDeploymentPostprocessing = 0;
		};
		F12A99E927135225004DE2F8 /* Resources */ = {
			isa = PBXResourcesBuildPhase;
			buildActionMask = 2147483647;
			files = (
			);
			runOnlyForDeploymentPostprocessing = 0;
		};
		F12A99F327135225004DE2F8 /* Resources */ = {
			isa = PBXResourcesBuildPhase;
			buildActionMask = 2147483647;
			files = (
			);
			runOnlyForDeploymentPostprocessing = 0;
		};
/* End PBXResourcesBuildPhase section */

/* Begin PBXShellScriptBuildPhase section */
		1A50F8F7DD1FC9C14FA571D0 /* [CP] Check Pods Manifest.lock */ = {
			isa = PBXShellScriptBuildPhase;
			buildActionMask = 2147483647;
			files = (
			);
			inputFileListPaths = (
			);
			inputPaths = (
				"${PODS_PODFILE_DIR_PATH}/Podfile.lock",
				"${PODS_ROOT}/Manifest.lock",
			);
			name = "[CP] Check Pods Manifest.lock";
			outputFileListPaths = (
			);
			outputPaths = (
				"$(DERIVED_FILE_DIR)/Pods-Starter-checkManifestLockResult.txt",
			);
			runOnlyForDeploymentPostprocessing = 0;
			shellPath = /bin/sh;
			shellScript = "diff \"${PODS_PODFILE_DIR_PATH}/Podfile.lock\" \"${PODS_ROOT}/Manifest.lock\" > /dev/null\nif [ $? != 0 ] ; then\n    # print error to STDERR\n    echo \"error: The sandbox is not in sync with the Podfile.lock. Run 'pod install' or update your CocoaPods installation.\" >&2\n    exit 1\nfi\n# This output is used by Xcode 'outputs' to avoid re-running this script phase.\necho \"SUCCESS\" > \"${SCRIPT_OUTPUT_FILE_0}\"\n";
			showEnvVarsInLog = 0;
		};
		4035586FDEC558B11A8069F6 /* [CP] Check Pods Manifest.lock */ = {
			isa = PBXShellScriptBuildPhase;
			buildActionMask = 2147483647;
			files = (
			);
			inputFileListPaths = (
			);
			inputPaths = (
				"${PODS_PODFILE_DIR_PATH}/Podfile.lock",
				"${PODS_ROOT}/Manifest.lock",
			);
			name = "[CP] Check Pods Manifest.lock";
			outputFileListPaths = (
			);
			outputPaths = (
				"$(DERIVED_FILE_DIR)/Pods-Starter-StarterUITests-checkManifestLockResult.txt",
			);
			runOnlyForDeploymentPostprocessing = 0;
			shellPath = /bin/sh;
			shellScript = "diff \"${PODS_PODFILE_DIR_PATH}/Podfile.lock\" \"${PODS_ROOT}/Manifest.lock\" > /dev/null\nif [ $? != 0 ] ; then\n    # print error to STDERR\n    echo \"error: The sandbox is not in sync with the Podfile.lock. Run 'pod install' or update your CocoaPods installation.\" >&2\n    exit 1\nfi\n# This output is used by Xcode 'outputs' to avoid re-running this script phase.\necho \"SUCCESS\" > \"${SCRIPT_OUTPUT_FILE_0}\"\n";
			showEnvVarsInLog = 0;
		};
		D37CEF643A38FC67535C370C /* [CP] Check Pods Manifest.lock */ = {
			isa = PBXShellScriptBuildPhase;
			buildActionMask = 2147483647;
			files = (
			);
			inputFileListPaths = (
			);
			inputPaths = (
				"${PODS_PODFILE_DIR_PATH}/Podfile.lock",
				"${PODS_ROOT}/Manifest.lock",
			);
			name = "[CP] Check Pods Manifest.lock";
			outputFileListPaths = (
			);
			outputPaths = (
				"$(DERIVED_FILE_DIR)/Pods-StarterTests-checkManifestLockResult.txt",
			);
			runOnlyForDeploymentPostprocessing = 0;
			shellPath = /bin/sh;
			shellScript = "diff \"${PODS_PODFILE_DIR_PATH}/Podfile.lock\" \"${PODS_ROOT}/Manifest.lock\" > /dev/null\nif [ $? != 0 ] ; then\n    # print error to STDERR\n    echo \"error: The sandbox is not in sync with the Podfile.lock. Run 'pod install' or update your CocoaPods installation.\" >&2\n    exit 1\nfi\n# This output is used by Xcode 'outputs' to avoid re-running this script phase.\necho \"SUCCESS\" > \"${SCRIPT_OUTPUT_FILE_0}\"\n";
			showEnvVarsInLog = 0;
		};
		F774B6F332E7F5C79C6C07A1 /* [CP] Embed Pods Frameworks */ = {
			isa = PBXShellScriptBuildPhase;
			buildActionMask = 2147483647;
			files = (
			);
			inputFileListPaths = (
				"${PODS_ROOT}/Target Support Files/Pods-Starter-StarterUITests/Pods-Starter-StarterUITests-frameworks-${CONFIGURATION}-input-files.xcfilelist",
			);
			name = "[CP] Embed Pods Frameworks";
			outputFileListPaths = (
				"${PODS_ROOT}/Target Support Files/Pods-Starter-StarterUITests/Pods-Starter-StarterUITests-frameworks-${CONFIGURATION}-output-files.xcfilelist",
			);
			runOnlyForDeploymentPostprocessing = 0;
			shellPath = /bin/sh;
			shellScript = "\"${PODS_ROOT}/Target Support Files/Pods-Starter-StarterUITests/Pods-Starter-StarterUITests-frameworks.sh\"\n";
			showEnvVarsInLog = 0;
		};
		FF10CD29347753FC9508F861 /* [CP] Embed Pods Frameworks */ = {
			isa = PBXShellScriptBuildPhase;
			buildActionMask = 2147483647;
			files = (
			);
			inputFileListPaths = (
				"${PODS_ROOT}/Target Support Files/Pods-Starter/Pods-Starter-frameworks-${CONFIGURATION}-input-files.xcfilelist",
			);
			name = "[CP] Embed Pods Frameworks";
			outputFileListPaths = (
				"${PODS_ROOT}/Target Support Files/Pods-Starter/Pods-Starter-frameworks-${CONFIGURATION}-output-files.xcfilelist",
			);
			runOnlyForDeploymentPostprocessing = 0;
			shellPath = /bin/sh;
			shellScript = "\"${PODS_ROOT}/Target Support Files/Pods-Starter/Pods-Starter-frameworks.sh\"\n";
			showEnvVarsInLog = 0;
		};
/* End PBXShellScriptBuildPhase section */

/* Begin PBXSourcesBuildPhase section */
		F12A99D127135223004DE2F8 /* Sources */ = {
			isa = PBXSourcesBuildPhase;
			buildActionMask = 2147483647;
			files = (
				CF0B9D0827139CDF0067D825 /* CreateProfileViewController.swift in Sources */,
				F12A99DD27135223004DE2F8 /* ViewController.swift in Sources */,
				F12A99D927135223004DE2F8 /* AppDelegate.swift in Sources */,
				F12A99DB27135223004DE2F8 /* SceneDelegate.swift in Sources */,
			);
			runOnlyForDeploymentPostprocessing = 0;
		};
		F12A99E727135225004DE2F8 /* Sources */ = {
			isa = PBXSourcesBuildPhase;
			buildActionMask = 2147483647;
			files = (
				F12A99F027135225004DE2F8 /* StarterTests.swift in Sources */,
			);
			runOnlyForDeploymentPostprocessing = 0;
		};
		F12A99F127135225004DE2F8 /* Sources */ = {
			isa = PBXSourcesBuildPhase;
			buildActionMask = 2147483647;
			files = (
				F12A99FC27135225004DE2F8 /* StarterUITestsLaunchTests.swift in Sources */,
				F12A99FA27135225004DE2F8 /* StarterUITests.swift in Sources */,
			);
			runOnlyForDeploymentPostprocessing = 0;
		};
/* End PBXSourcesBuildPhase section */

/* Begin PBXTargetDependency section */
		F12A99ED27135225004DE2F8 /* PBXTargetDependency */ = {
			isa = PBXTargetDependency;
			target = F12A99D427135223004DE2F8 /* Starter */;
			targetProxy = F12A99EC27135225004DE2F8 /* PBXContainerItemProxy */;
		};
		F12A99F727135225004DE2F8 /* PBXTargetDependency */ = {
			isa = PBXTargetDependency;
			target = F12A99D427135223004DE2F8 /* Starter */;
			targetProxy = F12A99F627135225004DE2F8 /* PBXContainerItemProxy */;
		};
/* End PBXTargetDependency section */

/* Begin PBXVariantGroup section */
		F12A99DE27135223004DE2F8 /* Main.storyboard */ = {
			isa = PBXVariantGroup;
			children = (
				F12A99DF27135223004DE2F8 /* Base */,
			);
			name = Main.storyboard;
			sourceTree = "<group>";
		};
		F12A99E327135225004DE2F8 /* LaunchScreen.storyboard */ = {
			isa = PBXVariantGroup;
			children = (
				F12A99E427135225004DE2F8 /* Base */,
			);
			name = LaunchScreen.storyboard;
			sourceTree = "<group>";
		};
/* End PBXVariantGroup section */

/* Begin XCBuildConfiguration section */
		F12A99FD27135225004DE2F8 /* Debug */ = {
			isa = XCBuildConfiguration;
			buildSettings = {
				ALWAYS_SEARCH_USER_PATHS = NO;
				CLANG_ANALYZER_NONNULL = YES;
				CLANG_ANALYZER_NUMBER_OBJECT_CONVERSION = YES_AGGRESSIVE;
				CLANG_CXX_LANGUAGE_STANDARD = "gnu++17";
				CLANG_CXX_LIBRARY = "libc++";
				CLANG_ENABLE_MODULES = YES;
				CLANG_ENABLE_OBJC_ARC = YES;
				CLANG_ENABLE_OBJC_WEAK = YES;
				CLANG_WARN_BLOCK_CAPTURE_AUTORELEASING = YES;
				CLANG_WARN_BOOL_CONVERSION = YES;
				CLANG_WARN_COMMA = YES;
				CLANG_WARN_CONSTANT_CONVERSION = YES;
				CLANG_WARN_DEPRECATED_OBJC_IMPLEMENTATIONS = YES;
				CLANG_WARN_DIRECT_OBJC_ISA_USAGE = YES_ERROR;
				CLANG_WARN_DOCUMENTATION_COMMENTS = YES;
				CLANG_WARN_EMPTY_BODY = YES;
				CLANG_WARN_ENUM_CONVERSION = YES;
				CLANG_WARN_INFINITE_RECURSION = YES;
				CLANG_WARN_INT_CONVERSION = YES;
				CLANG_WARN_NON_LITERAL_NULL_CONVERSION = YES;
				CLANG_WARN_OBJC_IMPLICIT_RETAIN_SELF = YES;
				CLANG_WARN_OBJC_LITERAL_CONVERSION = YES;
				CLANG_WARN_OBJC_ROOT_CLASS = YES_ERROR;
				CLANG_WARN_QUOTED_INCLUDE_IN_FRAMEWORK_HEADER = YES;
				CLANG_WARN_RANGE_LOOP_ANALYSIS = YES;
				CLANG_WARN_STRICT_PROTOTYPES = YES;
				CLANG_WARN_SUSPICIOUS_MOVE = YES;
				CLANG_WARN_UNGUARDED_AVAILABILITY = YES_AGGRESSIVE;
				CLANG_WARN_UNREACHABLE_CODE = YES;
				CLANG_WARN__DUPLICATE_METHOD_MATCH = YES;
				COPY_PHASE_STRIP = NO;
				DEBUG_INFORMATION_FORMAT = dwarf;
				ENABLE_STRICT_OBJC_MSGSEND = YES;
				ENABLE_TESTABILITY = YES;
				GCC_C_LANGUAGE_STANDARD = gnu11;
				GCC_DYNAMIC_NO_PIC = NO;
				GCC_NO_COMMON_BLOCKS = YES;
				GCC_OPTIMIZATION_LEVEL = 0;
				GCC_PREPROCESSOR_DEFINITIONS = (
					"DEBUG=1",
					"$(inherited)",
				);
				GCC_WARN_64_TO_32_BIT_CONVERSION = YES;
				GCC_WARN_ABOUT_RETURN_TYPE = YES_ERROR;
				GCC_WARN_UNDECLARED_SELECTOR = YES;
				GCC_WARN_UNINITIALIZED_AUTOS = YES_AGGRESSIVE;
				GCC_WARN_UNUSED_FUNCTION = YES;
				GCC_WARN_UNUSED_VARIABLE = YES;
				IPHONEOS_DEPLOYMENT_TARGET = 15.0;
				MTL_ENABLE_DEBUG_INFO = INCLUDE_SOURCE;
				MTL_FAST_MATH = YES;
				ONLY_ACTIVE_ARCH = YES;
				SDKROOT = iphoneos;
				SWIFT_ACTIVE_COMPILATION_CONDITIONS = DEBUG;
				SWIFT_OPTIMIZATION_LEVEL = "-Onone";
			};
			name = Debug;
		};
		F12A99FE27135225004DE2F8 /* Release */ = {
			isa = XCBuildConfiguration;
			buildSettings = {
				ALWAYS_SEARCH_USER_PATHS = NO;
				CLANG_ANALYZER_NONNULL = YES;
				CLANG_ANALYZER_NUMBER_OBJECT_CONVERSION = YES_AGGRESSIVE;
				CLANG_CXX_LANGUAGE_STANDARD = "gnu++17";
				CLANG_CXX_LIBRARY = "libc++";
				CLANG_ENABLE_MODULES = YES;
				CLANG_ENABLE_OBJC_ARC = YES;
				CLANG_ENABLE_OBJC_WEAK = YES;
				CLANG_WARN_BLOCK_CAPTURE_AUTORELEASING = YES;
				CLANG_WARN_BOOL_CONVERSION = YES;
				CLANG_WARN_COMMA = YES;
				CLANG_WARN_CONSTANT_CONVERSION = YES;
				CLANG_WARN_DEPRECATED_OBJC_IMPLEMENTATIONS = YES;
				CLANG_WARN_DIRECT_OBJC_ISA_USAGE = YES_ERROR;
				CLANG_WARN_DOCUMENTATION_COMMENTS = YES;
				CLANG_WARN_EMPTY_BODY = YES;
				CLANG_WARN_ENUM_CONVERSION = YES;
				CLANG_WARN_INFINITE_RECURSION = YES;
				CLANG_WARN_INT_CONVERSION = YES;
				CLANG_WARN_NON_LITERAL_NULL_CONVERSION = YES;
				CLANG_WARN_OBJC_IMPLICIT_RETAIN_SELF = YES;
				CLANG_WARN_OBJC_LITERAL_CONVERSION = YES;
				CLANG_WARN_OBJC_ROOT_CLASS = YES_ERROR;
				CLANG_WARN_QUOTED_INCLUDE_IN_FRAMEWORK_HEADER = YES;
				CLANG_WARN_RANGE_LOOP_ANALYSIS = YES;
				CLANG_WARN_STRICT_PROTOTYPES = YES;
				CLANG_WARN_SUSPICIOUS_MOVE = YES;
				CLANG_WARN_UNGUARDED_AVAILABILITY = YES_AGGRESSIVE;
				CLANG_WARN_UNREACHABLE_CODE = YES;
				CLANG_WARN__DUPLICATE_METHOD_MATCH = YES;
				COPY_PHASE_STRIP = NO;
				DEBUG_INFORMATION_FORMAT = "dwarf-with-dsym";
				ENABLE_NS_ASSERTIONS = NO;
				ENABLE_STRICT_OBJC_MSGSEND = YES;
				GCC_C_LANGUAGE_STANDARD = gnu11;
				GCC_NO_COMMON_BLOCKS = YES;
				GCC_WARN_64_TO_32_BIT_CONVERSION = YES;
				GCC_WARN_ABOUT_RETURN_TYPE = YES_ERROR;
				GCC_WARN_UNDECLARED_SELECTOR = YES;
				GCC_WARN_UNINITIALIZED_AUTOS = YES_AGGRESSIVE;
				GCC_WARN_UNUSED_FUNCTION = YES;
				GCC_WARN_UNUSED_VARIABLE = YES;
				IPHONEOS_DEPLOYMENT_TARGET = 15.0;
				MTL_ENABLE_DEBUG_INFO = NO;
				MTL_FAST_MATH = YES;
				SDKROOT = iphoneos;
				SWIFT_COMPILATION_MODE = wholemodule;
				SWIFT_OPTIMIZATION_LEVEL = "-O";
				VALIDATE_PRODUCT = YES;
			};
			name = Release;
		};
		F12A9A0027135225004DE2F8 /* Debug */ = {
			isa = XCBuildConfiguration;
			baseConfigurationReference = 9C6C47E99C0427AF802A6297 /* Pods-Starter.debug.xcconfig */;
			buildSettings = {
				ASSETCATALOG_COMPILER_APPICON_NAME = AppIcon;
				ASSETCATALOG_COMPILER_GLOBAL_ACCENT_COLOR_NAME = AccentColor;
				CODE_SIGN_STYLE = Automatic;
				CURRENT_PROJECT_VERSION = 1;
				DEVELOPMENT_TEAM = 2556RQXY25;
				GENERATE_INFOPLIST_FILE = YES;
				INFOPLIST_FILE = Starter/Info.plist;
				INFOPLIST_KEY_UIApplicationSupportsIndirectInputEvents = YES;
				INFOPLIST_KEY_UILaunchStoryboardName = LaunchScreen;
				INFOPLIST_KEY_UIMainStoryboardFile = Main;
				INFOPLIST_KEY_UISupportedInterfaceOrientations_iPad = "UIInterfaceOrientationPortrait UIInterfaceOrientationPortraitUpsideDown UIInterfaceOrientationLandscapeLeft UIInterfaceOrientationLandscapeRight";
				INFOPLIST_KEY_UISupportedInterfaceOrientations_iPhone = "UIInterfaceOrientationPortrait UIInterfaceOrientationLandscapeLeft UIInterfaceOrientationLandscapeRight";
				LD_RUNPATH_SEARCH_PATHS = (
					"$(inherited)",
					"@executable_path/Frameworks",
				);
				MARKETING_VERSION = 1.0;
				PRODUCT_BUNDLE_IDENTIFIER = com.hongfei.Starter;
				PRODUCT_NAME = "$(TARGET_NAME)";
				SWIFT_EMIT_LOC_STRINGS = YES;
				SWIFT_VERSION = 5.0;
				TARGETED_DEVICE_FAMILY = "1,2";
			};
			name = Debug;
		};
		F12A9A0127135225004DE2F8 /* Release */ = {
			isa = XCBuildConfiguration;
			baseConfigurationReference = 66EE5B69D65C84F98C8256D8 /* Pods-Starter.release.xcconfig */;
			buildSettings = {
				ASSETCATALOG_COMPILER_APPICON_NAME = AppIcon;
				ASSETCATALOG_COMPILER_GLOBAL_ACCENT_COLOR_NAME = AccentColor;
				CODE_SIGN_STYLE = Automatic;
				CURRENT_PROJECT_VERSION = 1;
				DEVELOPMENT_TEAM = 2556RQXY25;
				GENERATE_INFOPLIST_FILE = YES;
				INFOPLIST_FILE = Starter/Info.plist;
				INFOPLIST_KEY_UIApplicationSupportsIndirectInputEvents = YES;
				INFOPLIST_KEY_UILaunchStoryboardName = LaunchScreen;
				INFOPLIST_KEY_UIMainStoryboardFile = Main;
				INFOPLIST_KEY_UISupportedInterfaceOrientations_iPad = "UIInterfaceOrientationPortrait UIInterfaceOrientationPortraitUpsideDown UIInterfaceOrientationLandscapeLeft UIInterfaceOrientationLandscapeRight";
				INFOPLIST_KEY_UISupportedInterfaceOrientations_iPhone = "UIInterfaceOrientationPortrait UIInterfaceOrientationLandscapeLeft UIInterfaceOrientationLandscapeRight";
				LD_RUNPATH_SEARCH_PATHS = (
					"$(inherited)",
					"@executable_path/Frameworks",
				);
				MARKETING_VERSION = 1.0;
				PRODUCT_BUNDLE_IDENTIFIER = com.hongfei.Starter;
				PRODUCT_NAME = "$(TARGET_NAME)";
				SWIFT_EMIT_LOC_STRINGS = YES;
				SWIFT_VERSION = 5.0;
				TARGETED_DEVICE_FAMILY = "1,2";
			};
			name = Release;
		};
		F12A9A0327135225004DE2F8 /* Debug */ = {
			isa = XCBuildConfiguration;
			baseConfigurationReference = 538B03727C8FBF3EE76EB09D /* Pods-StarterTests.debug.xcconfig */;
			buildSettings = {
				ALWAYS_EMBED_SWIFT_STANDARD_LIBRARIES = YES;
				BUNDLE_LOADER = "$(TEST_HOST)";
				CODE_SIGN_STYLE = Automatic;
				CURRENT_PROJECT_VERSION = 1;
				DEVELOPMENT_TEAM = 2556RQXY25;
				GENERATE_INFOPLIST_FILE = YES;
				IPHONEOS_DEPLOYMENT_TARGET = 15.0;
				LD_RUNPATH_SEARCH_PATHS = (
					"$(inherited)",
					"@executable_path/Frameworks",
					"@loader_path/Frameworks",
				);
				MARKETING_VERSION = 1.0;
				PRODUCT_BUNDLE_IDENTIFIER = com.hongfei.StarterTests;
				PRODUCT_NAME = "$(TARGET_NAME)";
				SWIFT_EMIT_LOC_STRINGS = NO;
				SWIFT_VERSION = 5.0;
				TARGETED_DEVICE_FAMILY = "1,2";
				TEST_HOST = "$(BUILT_PRODUCTS_DIR)/Starter.app/Starter";
			};
			name = Debug;
		};
		F12A9A0427135225004DE2F8 /* Release */ = {
			isa = XCBuildConfiguration;
			baseConfigurationReference = B958E199CBBA5A4B7962C56F /* Pods-StarterTests.release.xcconfig */;
			buildSettings = {
				ALWAYS_EMBED_SWIFT_STANDARD_LIBRARIES = YES;
				BUNDLE_LOADER = "$(TEST_HOST)";
				CODE_SIGN_STYLE = Automatic;
				CURRENT_PROJECT_VERSION = 1;
				DEVELOPMENT_TEAM = 2556RQXY25;
				GENERATE_INFOPLIST_FILE = YES;
				IPHONEOS_DEPLOYMENT_TARGET = 15.0;
				LD_RUNPATH_SEARCH_PATHS = (
					"$(inherited)",
					"@executable_path/Frameworks",
					"@loader_path/Frameworks",
				);
				MARKETING_VERSION = 1.0;
				PRODUCT_BUNDLE_IDENTIFIER = com.hongfei.StarterTests;
				PRODUCT_NAME = "$(TARGET_NAME)";
				SWIFT_EMIT_LOC_STRINGS = NO;
				SWIFT_VERSION = 5.0;
				TARGETED_DEVICE_FAMILY = "1,2";
				TEST_HOST = "$(BUILT_PRODUCTS_DIR)/Starter.app/Starter";
			};
			name = Release;
		};
		F12A9A0627135225004DE2F8 /* Debug */ = {
			isa = XCBuildConfiguration;
			baseConfigurationReference = 6631D193F7AABBFEBC45E1B1 /* Pods-Starter-StarterUITests.debug.xcconfig */;
			buildSettings = {
				ALWAYS_EMBED_SWIFT_STANDARD_LIBRARIES = YES;
				CODE_SIGN_STYLE = Automatic;
				CURRENT_PROJECT_VERSION = 1;
				DEVELOPMENT_TEAM = 2556RQXY25;
				GENERATE_INFOPLIST_FILE = YES;
				LD_RUNPATH_SEARCH_PATHS = (
					"$(inherited)",
					"@executable_path/Frameworks",
					"@loader_path/Frameworks",
				);
				MARKETING_VERSION = 1.0;
				PRODUCT_BUNDLE_IDENTIFIER = com.hongfei.StarterUITests;
				PRODUCT_NAME = "$(TARGET_NAME)";
				SWIFT_EMIT_LOC_STRINGS = NO;
				SWIFT_VERSION = 5.0;
				TARGETED_DEVICE_FAMILY = "1,2";
				TEST_TARGET_NAME = Starter;
			};
			name = Debug;
		};
		F12A9A0727135225004DE2F8 /* Release */ = {
			isa = XCBuildConfiguration;
			baseConfigurationReference = 11C1E07C613806AE43B9550C /* Pods-Starter-StarterUITests.release.xcconfig */;
			buildSettings = {
				ALWAYS_EMBED_SWIFT_STANDARD_LIBRARIES = YES;
				CODE_SIGN_STYLE = Automatic;
				CURRENT_PROJECT_VERSION = 1;
				DEVELOPMENT_TEAM = 2556RQXY25;
				GENERATE_INFOPLIST_FILE = YES;
				LD_RUNPATH_SEARCH_PATHS = (
					"$(inherited)",
					"@executable_path/Frameworks",
					"@loader_path/Frameworks",
				);
				MARKETING_VERSION = 1.0;
				PRODUCT_BUNDLE_IDENTIFIER = com.hongfei.StarterUITests;
				PRODUCT_NAME = "$(TARGET_NAME)";
				SWIFT_EMIT_LOC_STRINGS = NO;
				SWIFT_VERSION = 5.0;
				TARGETED_DEVICE_FAMILY = "1,2";
				TEST_TARGET_NAME = Starter;
			};
			name = Release;
		};
/* End XCBuildConfiguration section */

/* Begin XCConfigurationList section */
		F12A99D027135223004DE2F8 /* Build configuration list for PBXProject "Starter" */ = {
			isa = XCConfigurationList;
			buildConfigurations = (
				F12A99FD27135225004DE2F8 /* Debug */,
				F12A99FE27135225004DE2F8 /* Release */,
			);
			defaultConfigurationIsVisible = 0;
			defaultConfigurationName = Release;
		};
		F12A99FF27135225004DE2F8 /* Build configuration list for PBXNativeTarget "Starter" */ = {
			isa = XCConfigurationList;
			buildConfigurations = (
				F12A9A0027135225004DE2F8 /* Debug */,
				F12A9A0127135225004DE2F8 /* Release */,
			);
			defaultConfigurationIsVisible = 0;
			defaultConfigurationName = Release;
		};
		F12A9A0227135225004DE2F8 /* Build configuration list for PBXNativeTarget "StarterTests" */ = {
			isa = XCConfigurationList;
			buildConfigurations = (
				F12A9A0327135225004DE2F8 /* Debug */,
				F12A9A0427135225004DE2F8 /* Release */,
			);
			defaultConfigurationIsVisible = 0;
			defaultConfigurationName = Release;
		};
		F12A9A0527135225004DE2F8 /* Build configuration list for PBXNativeTarget "StarterUITests" */ = {
			isa = XCConfigurationList;
			buildConfigurations = (
				F12A9A0627135225004DE2F8 /* Debug */,
				F12A9A0727135225004DE2F8 /* Release */,
			);
			defaultConfigurationIsVisible = 0;
			defaultConfigurationName = Release;
		};
/* End XCConfigurationList section */
	};
	rootObject = F12A99CD27135223004DE2F8 /* Project object */;
}
